gitlab.com/ghostkote/mymath v1.0.0 h1:P4VQso/Gseh5TX6I1aQD2l0cudm89mLBju8ZUl7Q0lI=
gitlab.com/ghostkote/mymath v1.0.0/go.mod h1:h/1Z9QH02ol7k8xTe8hebo22V7qrrHP0IwuYRAZlfIc=
gitlab.com/ghostkote/mymath v1.0.1 h1:F621Z/G38eNMxqxB4IDZobeHbfaokOMfZQdjzxmw1cY=
gitlab.com/ghostkote/mymath v1.0.1/go.mod h1:h/1Z9QH02ol7k8xTe8hebo22V7qrrHP0IwuYRAZlfIc=
gitlab.com/ghostkote/mymath v1.0.2 h1:3ZUbdgeSBFGiJH8H34GLQroM+xoR4WQcF+jzRRV50Fk=
gitlab.com/ghostkote/mymath v1.0.2/go.mod h1:h/1Z9QH02ol7k8xTe8hebo22V7qrrHP0IwuYRAZlfIc=
